# Code generated by scarb DO NOT EDIT.
version = 1

[[package]]
name = "openzeppelin"
version = "0.12.0"
source = "git+https://github.com/ericnordelo/cairo-contracts?rev=fe8ba03#fe8ba03d9e7ce18fa5c09a71dafd3385d2e783cc"

[[package]]
name = "strealm"
version = "0.1.0"
dependencies = [
 "openzeppelin",
]
